
Microsoft Visual Studio Solution File, Format Version 12.00
# Visual Studio 15
VisualStudioVersion = 15.0.28307.779
MinimumVisualStudioVersion = 10.0.40219.1
Project("{FAE04EC0-301F-11D3-BF4B-00C04F79EFBC}") = "Work", "Work\Work.csproj", "{431F2F10-A533-42F1-844C-F82F386E4360}"
EndProject
Global
	GlobalSection(SolutionConfigurationPlatforms) = preSolution
		Debug|Any CPU = Debug|Any CPU
		Release|Any CPU = Release|Any CPU
	EndGlobalSection
	GlobalSection(ProjectConfigurationPlatforms) = postSolution
		{431F2F10-A533-42F1-844C-F82F386E4360}.Debug|Any CPU.ActiveCfg = Debug|Any CPU
		{431F2F10-A533-42F1-844C-F82F386E4360}.Debug|Any CPU.Build.0 = Debug|Any CPU
		{431F2F10-A533-42F1-844C-F82F386E4360}.Release|Any CPU.ActiveCfg = Release|Any CPU
		{431F2F10-A533-42F1-844C-F82F386E4360}.Release|Any CPU.Build.0 = Release|Any CPU
	EndGlobalSection
	GlobalSection(SolutionProperties) = preSolution
		HideSolutionNode = FALSE
	EndGlobalSection
	GlobalSection(ExtensibilityGlobals) = postSolution
		SolutionGuid = {E242BF88-A9F9-444B-8E59-C0C3527C53EF}
	EndGlobalSection
EndGlobal
