
Microsoft Visual Studio Solution File, Format Version 12.00
# Visual Studio 15
VisualStudioVersion = 15.0.28307.779
MinimumVisualStudioVersion = 10.0.40219.1
Project("{FAE04EC0-301F-11D3-BF4B-00C04F79EFBC}") = "Reverse", "Reverse\Reverse.csproj", "{3985A79C-BFD6-4209-AD9B-16D93BE71DBD}"
EndProject
Global
	GlobalSection(SolutionConfigurationPlatforms) = preSolution
		Debug|Any CPU = Debug|Any CPU
		Release|Any CPU = Release|Any CPU
	EndGlobalSection
	GlobalSection(ProjectConfigurationPlatforms) = postSolution
		{3985A79C-BFD6-4209-AD9B-16D93BE71DBD}.Debug|Any CPU.ActiveCfg = Debug|Any CPU
		{3985A79C-BFD6-4209-AD9B-16D93BE71DBD}.Debug|Any CPU.Build.0 = Debug|Any CPU
		{3985A79C-BFD6-4209-AD9B-16D93BE71DBD}.Release|Any CPU.ActiveCfg = Release|Any CPU
		{3985A79C-BFD6-4209-AD9B-16D93BE71DBD}.Release|Any CPU.Build.0 = Release|Any CPU
	EndGlobalSection
	GlobalSection(SolutionProperties) = preSolution
		HideSolutionNode = FALSE
	EndGlobalSection
	GlobalSection(ExtensibilityGlobals) = postSolution
		SolutionGuid = {424452D7-63F1-4000-9022-19DF488B5359}
	EndGlobalSection
EndGlobal
