
Microsoft Visual Studio Solution File, Format Version 12.00
# Visual Studio 15
VisualStudioVersion = 15.0.28307.779
MinimumVisualStudioVersion = 10.0.40219.1
Project("{FAE04EC0-301F-11D3-BF4B-00C04F79EFBC}") = "Lab13", "Lab13\Lab13.csproj", "{F268C208-A52A-4565-9C29-E6635B53062E}"
EndProject
Global
	GlobalSection(SolutionConfigurationPlatforms) = preSolution
		Debug|Any CPU = Debug|Any CPU
		Release|Any CPU = Release|Any CPU
	EndGlobalSection
	GlobalSection(ProjectConfigurationPlatforms) = postSolution
		{F268C208-A52A-4565-9C29-E6635B53062E}.Debug|Any CPU.ActiveCfg = Debug|Any CPU
		{F268C208-A52A-4565-9C29-E6635B53062E}.Debug|Any CPU.Build.0 = Debug|Any CPU
		{F268C208-A52A-4565-9C29-E6635B53062E}.Release|Any CPU.ActiveCfg = Release|Any CPU
		{F268C208-A52A-4565-9C29-E6635B53062E}.Release|Any CPU.Build.0 = Release|Any CPU
	EndGlobalSection
	GlobalSection(SolutionProperties) = preSolution
		HideSolutionNode = FALSE
	EndGlobalSection
	GlobalSection(ExtensibilityGlobals) = postSolution
		SolutionGuid = {1CD5FDB9-064B-4393-9595-BBD919CACA41}
	EndGlobalSection
EndGlobal
