
Microsoft Visual Studio Solution File, Format Version 11.00
# Visual Studio 2010
Project("{FAE04EC0-301F-11D3-BF4B-00C04F79EFBC}") = "Assembly-CSharp", "Assembly-CSharp.csproj", "{FE944D03-9282-DB1E-B5D7-47C94FE02AB9}"
EndProject
Project("{FAE04EC0-301F-11D3-BF4B-00C04F79EFBC}") = "Assembly-CSharp-Editor", "Assembly-CSharp-Editor.csproj", "{971315AB-BE08-255A-CA7B-EE78D747E647}"
EndProject
Global
	GlobalSection(SolutionConfigurationPlatforms) = preSolution
		Debug|Any CPU = Debug|Any CPU
		Release|Any CPU = Release|Any CPU
	EndGlobalSection
	GlobalSection(ProjectConfigurationPlatforms) = postSolution
		{FE944D03-9282-DB1E-B5D7-47C94FE02AB9}.Debug|Any CPU.ActiveCfg = Debug|Any CPU
		{FE944D03-9282-DB1E-B5D7-47C94FE02AB9}.Debug|Any CPU.Build.0 = Debug|Any CPU
		{FE944D03-9282-DB1E-B5D7-47C94FE02AB9}.Release|Any CPU.ActiveCfg = Release|Any CPU
		{FE944D03-9282-DB1E-B5D7-47C94FE02AB9}.Release|Any CPU.Build.0 = Release|Any CPU
		{971315AB-BE08-255A-CA7B-EE78D747E647}.Debug|Any CPU.ActiveCfg = Debug|Any CPU
		{971315AB-BE08-255A-CA7B-EE78D747E647}.Debug|Any CPU.Build.0 = Debug|Any CPU
		{971315AB-BE08-255A-CA7B-EE78D747E647}.Release|Any CPU.ActiveCfg = Release|Any CPU
		{971315AB-BE08-255A-CA7B-EE78D747E647}.Release|Any CPU.Build.0 = Release|Any CPU
	EndGlobalSection
	GlobalSection(SolutionProperties) = preSolution
		HideSolutionNode = FALSE
	EndGlobalSection
EndGlobal
